
Microsoft Visual Studio Solution File, Format Version 12.00
# Visual Studio 15
VisualStudioVersion = 15.0.26730.16
MinimumVisualStudioVersion = 10.0.40219.1
Project("{FAE04EC0-301F-11D3-BF4B-00C04F79EFBC}") = "GitHubTest", "GitHubTest\GitHubTest.csproj", "{367E5451-661D-48C9-973C-4E6C5B17BFEA}"
EndProject
Global
	GlobalSection(SolutionConfigurationPlatforms) = preSolution
		Debug|Any CPU = Debug|Any CPU
		Release|Any CPU = Release|Any CPU
	EndGlobalSection
	GlobalSection(ProjectConfigurationPlatforms) = postSolution
		{367E5451-661D-48C9-973C-4E6C5B17BFEA}.Debug|Any CPU.ActiveCfg = Debug|Any CPU
		{367E5451-661D-48C9-973C-4E6C5B17BFEA}.Debug|Any CPU.Build.0 = Debug|Any CPU
		{367E5451-661D-48C9-973C-4E6C5B17BFEA}.Debug|Any CPU.Deploy.0 = Debug|Any CPU
		{367E5451-661D-48C9-973C-4E6C5B17BFEA}.Release|Any CPU.ActiveCfg = Release|Any CPU
		{367E5451-661D-48C9-973C-4E6C5B17BFEA}.Release|Any CPU.Build.0 = Release|Any CPU
		{367E5451-661D-48C9-973C-4E6C5B17BFEA}.Release|Any CPU.Deploy.0 = Release|Any CPU
	EndGlobalSection
	GlobalSection(SolutionProperties) = preSolution
		HideSolutionNode = FALSE
	EndGlobalSection
	GlobalSection(ExtensibilityGlobals) = postSolution
		SolutionGuid = {25AFB59B-4B8D-4939-A868-17995F1E05FF}
	EndGlobalSection
EndGlobal
